# THIS IS AN AUTOGENERATED FILE. DO NOT EDIT THIS FILE DIRECTLY.
# yarn lockfile v1


bindings@~1.0.0:
  version "1.0.0"
  resolved "https://registry.yarnpkg.com/bindings/-/bindings-1.0.0.tgz#c3ccde60e9de6807c6f1aa4ef4843af29191c828"

buster-core@=0.6.4:
  version "0.6.4"
  resolved "https://registry.yarnpkg.com/buster-core/-/buster-core-0.6.4.tgz#27bf6bad674244ea720f311d900a0ca1cb786050"

buster-format@~0.5:
  version "0.5.6"
  resolved "https://registry.yarnpkg.com/buster-format/-/buster-format-0.5.6.tgz#2b86c322ecf5e1b0ae6e6e7905ebfcf387d2ab95"
  dependencies:
    buster-core "=0.6.4"

commander@0.6.1:
  version "0.6.1"
  resolved "https://registry.yarnpkg.com/commander/-/commander-0.6.1.tgz#fa68a14f6a945d54dbbe50d8cdb3320e9e3b1a06"

debug@*:
  version "3.0.1"
  resolved "https://registry.yarnpkg.com/debug/-/debug-3.0.1.tgz#0564c612b521dc92d9f2988f0549e34f9c98db64"
  dependencies:
    ms "2.0.0"

diff@1.0.2:
  version "1.0.2"
  resolved "https://registry.yarnpkg.com/diff/-/diff-1.0.2.tgz#4ae73f1aee8d6fcf484f1a1ce77ce651d9b7f0c9"

growl@1.7.x:
  version "1.7.0"
  resolved "https://registry.yarnpkg.com/growl/-/growl-1.7.0.tgz#de2d66136d002e112ba70f3f10c31cf7c350b2da"

jade@0.26.3:
  version "0.26.3"
  resolved "https://registry.yarnpkg.com/jade/-/jade-0.26.3.tgz#8f10d7977d8d79f2f6ff862a81b0513ccb25686c"
  dependencies:
    commander "0.6.1"
    mkdirp "0.3.0"

mkdirp@0.3.0:
  version "0.3.0"
  resolved "https://registry.yarnpkg.com/mkdirp/-/mkdirp-0.3.0.tgz#1bbf5ab1ba827af23575143490426455f481fe1e"

mkdirp@0.3.3:
  version "0.3.3"
  resolved "https://registry.yarnpkg.com/mkdirp/-/mkdirp-0.3.3.tgz#595e251c1370c3a68bab2136d0e348b8105adf13"

mocha@~1.8.1:
  version "1.8.2"
  resolved "https://registry.yarnpkg.com/mocha/-/mocha-1.8.2.tgz#fb6b1d07d98f2eba418546844c3be0731f75e390"
  dependencies:
    commander "0.6.1"
    debug "*"
    diff "1.0.2"
    growl "1.7.x"
    jade "0.26.3"
    mkdirp "0.3.3"
    ms "0.3.0"

ms@0.3.0:
  version "0.3.0"
  resolved "https://registry.yarnpkg.com/ms/-/ms-0.3.0.tgz#03edc348d613e66a56486cfdac53bcbe899cbd61"

ms@2.0.0:
  version "2.0.0"
  resolved "https://registry.yarnpkg.com/ms/-/ms-2.0.0.tgz#5608aeadfc00be6c2901df5f9861788de0d597c8"

nan@*:
  version "2.7.0"
  resolved "https://registry.yarnpkg.com/nan/-/nan-2.7.0.tgz#d95bf721ec877e08db276ed3fc6eb78f9083ad46"

should@~1.2.2:
  version "1.2.2"
  resolved "https://registry.yarnpkg.com/should/-/should-1.2.2.tgz#0f03f775066d9ea2632690c917b12824fcc1d582"

sinon@~1.6.0:
  version "1.6.0"
  resolved "https://registry.yarnpkg.com/sinon/-/sinon-1.6.0.tgz#577b017d86943b8c42537d5ac2e863730f58cc9b"
  dependencies:
    buster-format "~0.5"
